// !$*UTF8*$!
{
	archiveVersion = 1;
	classes = {
	};
	objectVersion = 55;
	objects = {

/* Begin PBXBuildFile section */
		3BB296F0289EB0CD00E8FE84 /* LazyVSackWithScrolling.swift in Sources */ = {isa = PBXBuildFile; fileRef = 3BB296EF289EB0CC00E8FE84 /* LazyVSackWithScrolling.swift */; };
		3BB296F2289EB15800E8FE84 /* Data.swift in Sources */ = {isa = PBXBuildFile; fileRef = 3BB296F1289EB15800E8FE84 /* Data.swift */; };
		3BB296F6289EB1D900E8FE84 /* HeaderView.swift in Sources */ = {isa = PBXBuildFile; fileRef = 3BB296F5289EB1D900E8FE84 /* HeaderView.swift */; };
		3BB296F8289ED46200E8FE84 /* LazyHStack_WithScrolling.swift in Sources */ = {isa = PBXBuildFile; fileRef = 3BB296F7289ED46200E8FE84 /* LazyHStack_WithScrolling.swift */; };
		3BB296FA289ED50500E8FE84 /* LazyHStack_HeadersFooters.swift in Sources */ = {isa = PBXBuildFile; fileRef = 3BB296F9289ED50500E8FE84 /* LazyHStack_HeadersFooters.swift */; };
		3BB296FC289ED5BB00E8FE84 /* ZStackExample.swift in Sources */ = {isa = PBXBuildFile; fileRef = 3BB296FB289ED5BB00E8FE84 /* ZStackExample.swift */; };
		3BB296FE289F023100E8FE84 /* GeometryReaderExample.swift in Sources */ = {isa = PBXBuildFile; fileRef = 3BB296FD289F023100E8FE84 /* GeometryReaderExample.swift */; };
		3BB29700289F45AF00E8FE84 /* LazyGridExample.swift in Sources */ = {isa = PBXBuildFile; fileRef = 3BB296FF289F45AF00E8FE84 /* LazyGridExample.swift */; };
		3BF1B108289D6AF6004A783A /* SwiftUI_ExperimentsApp.swift in Sources */ = {isa = PBXBuildFile; fileRef = 3BF1B107289D6AF6004A783A /* SwiftUI_ExperimentsApp.swift */; };
		3BF1B10A289D6AF6004A783A /* ContentView.swift in Sources */ = {isa = PBXBuildFile; fileRef = 3BF1B109289D6AF6004A783A /* ContentView.swift */; };
		3BF1B10C289D6AF7004A783A /* Assets.xcassets in Resources */ = {isa = PBXBuildFile; fileRef = 3BF1B10B289D6AF7004A783A /* Assets.xcassets */; };
		3BF1B10F289D6AF7004A783A /* Preview Assets.xcassets in Resources */ = {isa = PBXBuildFile; fileRef = 3BF1B10E289D6AF7004A783A /* Preview Assets.xcassets */; };
		3BF1B111289D6AF7004A783A /* Persistence.swift in Sources */ = {isa = PBXBuildFile; fileRef = 3BF1B110289D6AF7004A783A /* Persistence.swift */; };
		3BF1B114289D6AF7004A783A /* SwiftUI_Experiments.xcdatamodeld in Sources */ = {isa = PBXBuildFile; fileRef = 3BF1B112289D6AF7004A783A /* SwiftUI_Experiments.xcdatamodeld */; };
		3BF1B11E289D6AF8004A783A /* SwiftUI_ExperimentsTests.swift in Sources */ = {isa = PBXBuildFile; fileRef = 3BF1B11D289D6AF8004A783A /* SwiftUI_ExperimentsTests.swift */; };
		3BF1B128289D6AF8004A783A /* SwiftUI_ExperimentsUITests.swift in Sources */ = {isa = PBXBuildFile; fileRef = 3BF1B127289D6AF8004A783A /* SwiftUI_ExperimentsUITests.swift */; };
		3BF1B12A289D6AF8004A783A /* SwiftUI_ExperimentsUITestsLaunchTests.swift in Sources */ = {isa = PBXBuildFile; fileRef = 3BF1B129289D6AF8004A783A /* SwiftUI_ExperimentsUITestsLaunchTests.swift */; };
		3BF1B138289D6E27004A783A /* Features1.swift in Sources */ = {isa = PBXBuildFile; fileRef = 3BF1B137289D6E27004A783A /* Features1.swift */; };
/* End PBXBuildFile section */

/* Begin PBXContainerItemProxy section */
		3BF1B11A289D6AF8004A783A /* PBXContainerItemProxy */ = {
			isa = PBXContainerItemProxy;
			containerPortal = 3BF1B0FC289D6AF6004A783A /* Project object */;
			proxyType = 1;
			remoteGlobalIDString = 3BF1B103289D6AF6004A783A;
			remoteInfo = "SwiftUI Experiments";
		};
		3BF1B124289D6AF8004A783A /* PBXContainerItemProxy */ = {
			isa = PBXContainerItemProxy;
			containerPortal = 3BF1B0FC289D6AF6004A783A /* Project object */;
			proxyType = 1;
			remoteGlobalIDString = 3BF1B103289D6AF6004A783A;
			remoteInfo = "SwiftUI Experiments";
		};
/* End PBXContainerItemProxy section */

/* Begin PBXFileReference section */
		3BB296EF289EB0CC00E8FE84 /* LazyVSackWithScrolling.swift */ = {isa = PBXFileReference; lastKnownFileType = sourcecode.swift; path = LazyVSackWithScrolling.swift; sourceTree = "<group>"; };
		3BB296F1289EB15800E8FE84 /* Data.swift */ = {isa = PBXFileReference; lastKnownFileType = sourcecode.swift; path = Data.swift; sourceTree = "<group>"; };
		3BB296F5289EB1D900E8FE84 /* HeaderView.swift */ = {isa = PBXFileReference; lastKnownFileType = sourcecode.swift; path = HeaderView.swift; sourceTree = "<group>"; };
		3BB296F7289ED46200E8FE84 /* LazyHStack_WithScrolling.swift */ = {isa = PBXFileReference; lastKnownFileType = sourcecode.swift; path = LazyHStack_WithScrolling.swift; sourceTree = "<group>"; };
		3BB296F9289ED50500E8FE84 /* LazyHStack_HeadersFooters.swift */ = {isa = PBXFileReference; lastKnownFileType = sourcecode.swift; path = LazyHStack_HeadersFooters.swift; sourceTree = "<group>"; };
		3BB296FB289ED5BB00E8FE84 /* ZStackExample.swift */ = {isa = PBXFileReference; lastKnownFileType = sourcecode.swift; path = ZStackExample.swift; sourceTree = "<group>"; };
		3BB296FD289F023100E8FE84 /* GeometryReaderExample.swift */ = {isa = PBXFileReference; lastKnownFileType = sourcecode.swift; path = GeometryReaderExample.swift; sourceTree = "<group>"; };
		3BB296FF289F45AF00E8FE84 /* LazyGridExample.swift */ = {isa = PBXFileReference; lastKnownFileType = sourcecode.swift; path = LazyGridExample.swift; sourceTree = "<group>"; };
		3BF1B104289D6AF6004A783A /* SwiftUI Experiments.app */ = {isa = PBXFileReference; explicitFileType = wrapper.application; includeInIndex = 0; path = "SwiftUI Experiments.app"; sourceTree = BUILT_PRODUCTS_DIR; };
		3BF1B107289D6AF6004A783A /* SwiftUI_ExperimentsApp.swift */ = {isa = PBXFileReference; lastKnownFileType = sourcecode.swift; path = SwiftUI_ExperimentsApp.swift; sourceTree = "<group>"; };
		3BF1B109289D6AF6004A783A /* ContentView.swift */ = {isa = PBXFileReference; lastKnownFileType = sourcecode.swift; path = ContentView.swift; sourceTree = "<group>"; };
		3BF1B10B289D6AF7004A783A /* Assets.xcassets */ = {isa = PBXFileReference; lastKnownFileType = folder.assetcatalog; path = Assets.xcassets; sourceTree = "<group>"; };
		3BF1B10E289D6AF7004A783A /* Preview Assets.xcassets */ = {isa = PBXFileReference; lastKnownFileType = folder.assetcatalog; path = "Preview Assets.xcassets"; sourceTree = "<group>"; };
		3BF1B110289D6AF7004A783A /* Persistence.swift */ = {isa = PBXFileReference; lastKnownFileType = sourcecode.swift; path = Persistence.swift; sourceTree = "<group>"; };
		3BF1B113289D6AF7004A783A /* SwiftUI_Experiments.xcdatamodel */ = {isa = PBXFileReference; lastKnownFileType = wrapper.xcdatamodel; path = SwiftUI_Experiments.xcdatamodel; sourceTree = "<group>"; };
		3BF1B119289D6AF8004A783A /* SwiftUI ExperimentsTests.xctest */ = {isa = PBXFileReference; explicitFileType = wrapper.cfbundle; includeInIndex = 0; path = "SwiftUI ExperimentsTests.xctest"; sourceTree = BUILT_PRODUCTS_DIR; };
		3BF1B11D289D6AF8004A783A /* SwiftUI_ExperimentsTests.swift */ = {isa = PBXFileReference; lastKnownFileType = sourcecode.swift; path = SwiftUI_ExperimentsTests.swift; sourceTree = "<group>"; };
		3BF1B123289D6AF8004A783A /* SwiftUI ExperimentsUITests.xctest */ = {isa = PBXFileReference; explicitFileType = wrapper.cfbundle; includeInIndex = 0; path = "SwiftUI ExperimentsUITests.xctest"; sourceTree = BUILT_PRODUCTS_DIR; };
		3BF1B127289D6AF8004A783A /* SwiftUI_ExperimentsUITests.swift */ = {isa = PBXFileReference; lastKnownFileType = sourcecode.swift; path = SwiftUI_ExperimentsUITests.swift; sourceTree = "<group>"; };
		3BF1B129289D6AF8004A783A /* SwiftUI_ExperimentsUITestsLaunchTests.swift */ = {isa = PBXFileReference; lastKnownFileType = sourcecode.swift; path = SwiftUI_ExperimentsUITestsLaunchTests.swift; sourceTree = "<group>"; };
		3BF1B137289D6E27004A783A /* Features1.swift */ = {isa = PBXFileReference; lastKnownFileType = sourcecode.swift; path = Features1.swift; sourceTree = "<group>"; };
/* End PBXFileReference section */

/* Begin PBXFrameworksBuildPhase section */
		3BF1B101289D6AF6004A783A /* Frameworks */ = {
			isa = PBXFrameworksBuildPhase;
			buildActionMask = 2147483647;
			files = (
			);
			runOnlyForDeploymentPostprocessing = 0;
		};
		3BF1B116289D6AF8004A783A /* Frameworks */ = {
			isa = PBXFrameworksBuildPhase;
			buildActionMask = 2147483647;
			files = (
			);
			runOnlyForDeploymentPostprocessing = 0;
		};
		3BF1B120289D6AF8004A783A /* Frameworks */ = {
			isa = PBXFrameworksBuildPhase;
			buildActionMask = 2147483647;
			files = (
			);
			runOnlyForDeploymentPostprocessing = 0;
		};
/* End PBXFrameworksBuildPhase section */

/* Begin PBXGroup section */
		3BB296F3289EB16100E8FE84 /* DataMock */ = {
			isa = PBXGroup;
			children = (
				3BB296F1289EB15800E8FE84 /* Data.swift */,
			);
			path = DataMock;
			sourceTree = "<group>";
		};
		3BB296F4289EB1C800E8FE84 /* Suppport */ = {
			isa = PBXGroup;
			children = (
				3BB296F5289EB1D900E8FE84 /* HeaderView.swift */,
			);
			path = Suppport;
			sourceTree = "<group>";
		};
		3BF1B0FB289D6AF6004A783A = {
			isa = PBXGroup;
			children = (
				3BF1B106289D6AF6004A783A /* SwiftUI Experiments */,
				3BF1B11C289D6AF8004A783A /* SwiftUI ExperimentsTests */,
				3BF1B126289D6AF8004A783A /* SwiftUI ExperimentsUITests */,
				3BF1B105289D6AF6004A783A /* Products */,
			);
			sourceTree = "<group>";
		};
		3BF1B105289D6AF6004A783A /* Products */ = {
			isa = PBXGroup;
			children = (
				3BF1B104289D6AF6004A783A /* SwiftUI Experiments.app */,
				3BF1B119289D6AF8004A783A /* SwiftUI ExperimentsTests.xctest */,
				3BF1B123289D6AF8004A783A /* SwiftUI ExperimentsUITests.xctest */,
			);
			name = Products;
			sourceTree = "<group>";
		};
		3BF1B106289D6AF6004A783A /* SwiftUI Experiments */ = {
			isa = PBXGroup;
			children = (
				3BB296F3289EB16100E8FE84 /* DataMock */,
				3BF1B136289D6DA9004A783A /* Views */,
				3BF1B107289D6AF6004A783A /* SwiftUI_ExperimentsApp.swift */,
				3BF1B109289D6AF6004A783A /* ContentView.swift */,
				3BF1B10B289D6AF7004A783A /* Assets.xcassets */,
				3BF1B110289D6AF7004A783A /* Persistence.swift */,
				3BF1B112289D6AF7004A783A /* SwiftUI_Experiments.xcdatamodeld */,
				3BF1B10D289D6AF7004A783A /* Preview Content */,
			);
			path = "SwiftUI Experiments";
			sourceTree = "<group>";
		};
		3BF1B10D289D6AF7004A783A /* Preview Content */ = {
			isa = PBXGroup;
			children = (
				3BF1B10E289D6AF7004A783A /* Preview Assets.xcassets */,
			);
			path = "Preview Content";
			sourceTree = "<group>";
		};
		3BF1B11C289D6AF8004A783A /* SwiftUI ExperimentsTests */ = {
			isa = PBXGroup;
			children = (
				3BF1B11D289D6AF8004A783A /* SwiftUI_ExperimentsTests.swift */,
			);
			path = "SwiftUI ExperimentsTests";
			sourceTree = "<group>";
		};
		3BF1B126289D6AF8004A783A /* SwiftUI ExperimentsUITests */ = {
			isa = PBXGroup;
			children = (
				3BF1B127289D6AF8004A783A /* SwiftUI_ExperimentsUITests.swift */,
				3BF1B129289D6AF8004A783A /* SwiftUI_ExperimentsUITestsLaunchTests.swift */,
			);
			path = "SwiftUI ExperimentsUITests";
			sourceTree = "<group>";
		};
		3BF1B136289D6DA9004A783A /* Views */ = {
			isa = PBXGroup;
			children = (
				3BB296FD289F023100E8FE84 /* GeometryReaderExample.swift */,
				3BB296F4289EB1C800E8FE84 /* Suppport */,
				3BF1B137289D6E27004A783A /* Features1.swift */,
				3BB296EF289EB0CC00E8FE84 /* LazyVSackWithScrolling.swift */,
				3BB296F7289ED46200E8FE84 /* LazyHStack_WithScrolling.swift */,
				3BB296F9289ED50500E8FE84 /* LazyHStack_HeadersFooters.swift */,
				3BB296FB289ED5BB00E8FE84 /* ZStackExample.swift */,
				3BB296FF289F45AF00E8FE84 /* LazyGridExample.swift */,
			);
			path = Views;
			sourceTree = "<group>";
		};
/* End PBXGroup section */

/* Begin PBXNativeTarget section */
		3BF1B103289D6AF6004A783A /* SwiftUI Experiments */ = {
			isa = PBXNativeTarget;
			buildConfigurationList = 3BF1B12D289D6AF8004A783A /* Build configuration list for PBXNativeTarget "SwiftUI Experiments" */;
			buildPhases = (
				3BF1B100289D6AF6004A783A /* Sources */,
				3BF1B101289D6AF6004A783A /* Frameworks */,
				3BF1B102289D6AF6004A783A /* Resources */,
			);
			buildRules = (
			);
			dependencies = (
			);
			name = "SwiftUI Experiments";
			productName = "SwiftUI Experiments";
			productReference = 3BF1B104289D6AF6004A783A /* SwiftUI Experiments.app */;
			productType = "com.apple.product-type.application";
		};
		3BF1B118289D6AF8004A783A /* SwiftUI ExperimentsTests */ = {
			isa = PBXNativeTarget;
			buildConfigurationList = 3BF1B130289D6AF8004A783A /* Build configuration list for PBXNativeTarget "SwiftUI ExperimentsTests" */;
			buildPhases = (
				3BF1B115289D6AF8004A783A /* Sources */,
				3BF1B116289D6AF8004A783A /* Frameworks */,
				3BF1B117289D6AF8004A783A /* Resources */,
			);
			buildRules = (
			);
			dependencies = (
				3BF1B11B289D6AF8004A783A /* PBXTargetDependency */,
			);
			name = "SwiftUI ExperimentsTests";
			productName = "SwiftUI ExperimentsTests";
			productReference = 3BF1B119289D6AF8004A783A /* SwiftUI ExperimentsTests.xctest */;
			productType = "com.apple.product-type.bundle.unit-test";
		};
		3BF1B122289D6AF8004A783A /* SwiftUI ExperimentsUITests */ = {
			isa = PBXNativeTarget;
			buildConfigurationList = 3BF1B133289D6AF8004A783A /* Build configuration list for PBXNativeTarget "SwiftUI ExperimentsUITests" */;
			buildPhases = (
				3BF1B11F289D6AF8004A783A /* Sources */,
				3BF1B120289D6AF8004A783A /* Frameworks */,
				3BF1B121289D6AF8004A783A /* Resources */,
			);
			buildRules = (
			);
			dependencies = (
				3BF1B125289D6AF8004A783A /* PBXTargetDependency */,
			);
			name = "SwiftUI ExperimentsUITests";
			productName = "SwiftUI ExperimentsUITests";
			productReference = 3BF1B123289D6AF8004A783A /* SwiftUI ExperimentsUITests.xctest */;
			productType = "com.apple.product-type.bundle.ui-testing";
		};
/* End PBXNativeTarget section */

/* Begin PBXProject section */
		3BF1B0FC289D6AF6004A783A /* Project object */ = {
			isa = PBXProject;
			attributes = {
				BuildIndependentTargetsInParallel = 1;
				LastSwiftUpdateCheck = 1330;
				LastUpgradeCheck = 1330;
				TargetAttributes = {
					3BF1B103289D6AF6004A783A = {
						CreatedOnToolsVersion = 13.3;
					};
					3BF1B118289D6AF8004A783A = {
						CreatedOnToolsVersion = 13.3;
						TestTargetID = 3BF1B103289D6AF6004A783A;
					};
					3BF1B122289D6AF8004A783A = {
						CreatedOnToolsVersion = 13.3;
						TestTargetID = 3BF1B103289D6AF6004A783A;
					};
				};
			};
			buildConfigurationList = 3BF1B0FF289D6AF6004A783A /* Build configuration list for PBXProject "SwiftUI Experiments" */;
			compatibilityVersion = "Xcode 13.0";
			developmentRegion = en;
			hasScannedForEncodings = 0;
			knownRegions = (
				en,
				Base,
			);
			mainGroup = 3BF1B0FB289D6AF6004A783A;
			productRefGroup = 3BF1B105289D6AF6004A783A /* Products */;
			projectDirPath = "";
			projectRoot = "";
			targets = (
				3BF1B103289D6AF6004A783A /* SwiftUI Experiments */,
				3BF1B118289D6AF8004A783A /* SwiftUI ExperimentsTests */,
				3BF1B122289D6AF8004A783A /* SwiftUI ExperimentsUITests */,
			);
		};
/* End PBXProject section */

/* Begin PBXResourcesBuildPhase section */
		3BF1B102289D6AF6004A783A /* Resources */ = {
			isa = PBXResourcesBuildPhase;
			buildActionMask = 2147483647;
			files = (
				3BF1B10F289D6AF7004A783A /* Preview Assets.xcassets in Resources */,
				3BF1B10C289D6AF7004A783A /* Assets.xcassets in Resources */,
			);
			runOnlyForDeploymentPostprocessing = 0;
		};
		3BF1B117289D6AF8004A783A /* Resources */ = {
			isa = PBXResourcesBuildPhase;
			buildActionMask = 2147483647;
			files = (
			);
			runOnlyForDeploymentPostprocessing = 0;
		};
		3BF1B121289D6AF8004A783A /* Resources */ = {
			isa = PBXResourcesBuildPhase;
			buildActionMask = 2147483647;
			files = (
			);
			runOnlyForDeploymentPostprocessing = 0;
		};
/* End PBXResourcesBuildPhase section */

/* Begin PBXSourcesBuildPhase section */
		3BF1B100289D6AF6004A783A /* Sources */ = {
			isa = PBXSourcesBuildPhase;
			buildActionMask = 2147483647;
			files = (
				3BB296F2289EB15800E8FE84 /* Data.swift in Sources */,
				3BB296F0289EB0CD00E8FE84 /* LazyVSackWithScrolling.swift in Sources */,
				3BB29700289F45AF00E8FE84 /* LazyGridExample.swift in Sources */,
				3BF1B114289D6AF7004A783A /* SwiftUI_Experiments.xcdatamodeld in Sources */,
				3BB296FC289ED5BB00E8FE84 /* ZStackExample.swift in Sources */,
				3BB296FA289ED50500E8FE84 /* LazyHStack_HeadersFooters.swift in Sources */,
				3BB296FE289F023100E8FE84 /* GeometryReaderExample.swift in Sources */,
				3BF1B138289D6E27004A783A /* Features1.swift in Sources */,
				3BF1B111289D6AF7004A783A /* Persistence.swift in Sources */,
				3BF1B10A289D6AF6004A783A /* ContentView.swift in Sources */,
				3BB296F8289ED46200E8FE84 /* LazyHStack_WithScrolling.swift in Sources */,
				3BF1B108289D6AF6004A783A /* SwiftUI_ExperimentsApp.swift in Sources */,
				3BB296F6289EB1D900E8FE84 /* HeaderView.swift in Sources */,
			);
			runOnlyForDeploymentPostprocessing = 0;
		};
		3BF1B115289D6AF8004A783A /* Sources */ = {
			isa = PBXSourcesBuildPhase;
			buildActionMask = 2147483647;
			files = (
				3BF1B11E289D6AF8004A783A /* SwiftUI_ExperimentsTests.swift in Sources */,
			);
			runOnlyForDeploymentPostprocessing = 0;
		};
		3BF1B11F289D6AF8004A783A /* Sources */ = {
			isa = PBXSourcesBuildPhase;
			buildActionMask = 2147483647;
			files = (
				3BF1B128289D6AF8004A783A /* SwiftUI_ExperimentsUITests.swift in Sources */,
				3BF1B12A289D6AF8004A783A /* SwiftUI_ExperimentsUITestsLaunchTests.swift in Sources */,
			);
			runOnlyForDeploymentPostprocessing = 0;
		};
/* End PBXSourcesBuildPhase section */

/* Begin PBXTargetDependency section */
		3BF1B11B289D6AF8004A783A /* PBXTargetDependency */ = {
			isa = PBXTargetDependency;
			target = 3BF1B103289D6AF6004A783A /* SwiftUI Experiments */;
			targetProxy = 3BF1B11A289D6AF8004A783A /* PBXContainerItemProxy */;
		};
		3BF1B125289D6AF8004A783A /* PBXTargetDependency */ = {
			isa = PBXTargetDependency;
			target = 3BF1B103289D6AF6004A783A /* SwiftUI Experiments */;
			targetProxy = 3BF1B124289D6AF8004A783A /* PBXContainerItemProxy */;
		};
/* End PBXTargetDependency section */

/* Begin XCBuildConfiguration section */
		3BF1B12B289D6AF8004A783A /* Debug */ = {
			isa = XCBuildConfiguration;
			buildSettings = {
				ALWAYS_SEARCH_USER_PATHS = NO;
				CLANG_ANALYZER_NONNULL = YES;
				CLANG_ANALYZER_NUMBER_OBJECT_CONVERSION = YES_AGGRESSIVE;
				CLANG_CXX_LANGUAGE_STANDARD = "gnu++17";
				CLANG_ENABLE_MODULES = YES;
				CLANG_ENABLE_OBJC_ARC = YES;
				CLANG_ENABLE_OBJC_WEAK = YES;
				CLANG_WARN_BLOCK_CAPTURE_AUTORELEASING = YES;
				CLANG_WARN_BOOL_CONVERSION = YES;
				CLANG_WARN_COMMA = YES;
				CLANG_WARN_CONSTANT_CONVERSION = YES;
				CLANG_WARN_DEPRECATED_OBJC_IMPLEMENTATIONS = YES;
				CLANG_WARN_DIRECT_OBJC_ISA_USAGE = YES_ERROR;
				CLANG_WARN_DOCUMENTATION_COMMENTS = YES;
				CLANG_WARN_EMPTY_BODY = YES;
				CLANG_WARN_ENUM_CONVERSION = YES;
				CLANG_WARN_INFINITE_RECURSION = YES;
				CLANG_WARN_INT_CONVERSION = YES;
				CLANG_WARN_NON_LITERAL_NULL_CONVERSION = YES;
				CLANG_WARN_OBJC_IMPLICIT_RETAIN_SELF = YES;
				CLANG_WARN_OBJC_LITERAL_CONVERSION = YES;
				CLANG_WARN_OBJC_ROOT_CLASS = YES_ERROR;
				CLANG_WARN_QUOTED_INCLUDE_IN_FRAMEWORK_HEADER = YES;
				CLANG_WARN_RANGE_LOOP_ANALYSIS = YES;
				CLANG_WARN_STRICT_PROTOTYPES = YES;
				CLANG_WARN_SUSPICIOUS_MOVE = YES;
				CLANG_WARN_UNGUARDED_AVAILABILITY = YES_AGGRESSIVE;
				CLANG_WARN_UNREACHABLE_CODE = YES;
				CLANG_WARN__DUPLICATE_METHOD_MATCH = YES;
				COPY_PHASE_STRIP = NO;
				DEBUG_INFORMATION_FORMAT = dwarf;
				ENABLE_STRICT_OBJC_MSGSEND = YES;
				ENABLE_TESTABILITY = YES;
				GCC_C_LANGUAGE_STANDARD = gnu11;
				GCC_DYNAMIC_NO_PIC = NO;
				GCC_NO_COMMON_BLOCKS = YES;
				GCC_OPTIMIZATION_LEVEL = 0;
				GCC_PREPROCESSOR_DEFINITIONS = (
					"DEBUG=1",
					"$(inherited)",
				);
				GCC_WARN_64_TO_32_BIT_CONVERSION = YES;
				GCC_WARN_ABOUT_RETURN_TYPE = YES_ERROR;
				GCC_WARN_UNDECLARED_SELECTOR = YES;
				GCC_WARN_UNINITIALIZED_AUTOS = YES_AGGRESSIVE;
				GCC_WARN_UNUSED_FUNCTION = YES;
				GCC_WARN_UNUSED_VARIABLE = YES;
				IPHONEOS_DEPLOYMENT_TARGET = 14.0;
				MTL_ENABLE_DEBUG_INFO = INCLUDE_SOURCE;
				MTL_FAST_MATH = YES;
				ONLY_ACTIVE_ARCH = YES;
				SDKROOT = iphoneos;
				SWIFT_ACTIVE_COMPILATION_CONDITIONS = DEBUG;
				SWIFT_OPTIMIZATION_LEVEL = "-Onone";
			};
			name = Debug;
		};
		3BF1B12C289D6AF8004A783A /* Release */ = {
			isa = XCBuildConfiguration;
			buildSettings = {
				ALWAYS_SEARCH_USER_PATHS = NO;
				CLANG_ANALYZER_NONNULL = YES;
				CLANG_ANALYZER_NUMBER_OBJECT_CONVERSION = YES_AGGRESSIVE;
				CLANG_CXX_LANGUAGE_STANDARD = "gnu++17";
				CLANG_ENABLE_MODULES = YES;
				CLANG_ENABLE_OBJC_ARC = YES;
				CLANG_ENABLE_OBJC_WEAK = YES;
				CLANG_WARN_BLOCK_CAPTURE_AUTORELEASING = YES;
				CLANG_WARN_BOOL_CONVERSION = YES;
				CLANG_WARN_COMMA = YES;
				CLANG_WARN_CONSTANT_CONVERSION = YES;
				CLANG_WARN_DEPRECATED_OBJC_IMPLEMENTATIONS = YES;
				CLANG_WARN_DIRECT_OBJC_ISA_USAGE = YES_ERROR;
				CLANG_WARN_DOCUMENTATION_COMMENTS = YES;
				CLANG_WARN_EMPTY_BODY = YES;
				CLANG_WARN_ENUM_CONVERSION = YES;
				CLANG_WARN_INFINITE_RECURSION = YES;
				CLANG_WARN_INT_CONVERSION = YES;
				CLANG_WARN_NON_LITERAL_NULL_CONVERSION = YES;
				CLANG_WARN_OBJC_IMPLICIT_RETAIN_SELF = YES;
				CLANG_WARN_OBJC_LITERAL_CONVERSION = YES;
				CLANG_WARN_OBJC_ROOT_CLASS = YES_ERROR;
				CLANG_WARN_QUOTED_INCLUDE_IN_FRAMEWORK_HEADER = YES;
				CLANG_WARN_RANGE_LOOP_ANALYSIS = YES;
				CLANG_WARN_STRICT_PROTOTYPES = YES;
				CLANG_WARN_SUSPICIOUS_MOVE = YES;
				CLANG_WARN_UNGUARDED_AVAILABILITY = YES_AGGRESSIVE;
				CLANG_WARN_UNREACHABLE_CODE = YES;
				CLANG_WARN__DUPLICATE_METHOD_MATCH = YES;
				COPY_PHASE_STRIP = NO;
				DEBUG_INFORMATION_FORMAT = "dwarf-with-dsym";
				ENABLE_NS_ASSERTIONS = NO;
				ENABLE_STRICT_OBJC_MSGSEND = YES;
				GCC_C_LANGUAGE_STANDARD = gnu11;
				GCC_NO_COMMON_BLOCKS = YES;
				GCC_WARN_64_TO_32_BIT_CONVERSION = YES;
				GCC_WARN_ABOUT_RETURN_TYPE = YES_ERROR;
				GCC_WARN_UNDECLARED_SELECTOR = YES;
				GCC_WARN_UNINITIALIZED_AUTOS = YES_AGGRESSIVE;
				GCC_WARN_UNUSED_FUNCTION = YES;
				GCC_WARN_UNUSED_VARIABLE = YES;
				IPHONEOS_DEPLOYMENT_TARGET = 14.0;
				MTL_ENABLE_DEBUG_INFO = NO;
				MTL_FAST_MATH = YES;
				SDKROOT = iphoneos;
				SWIFT_COMPILATION_MODE = wholemodule;
				SWIFT_OPTIMIZATION_LEVEL = "-O";
				VALIDATE_PRODUCT = YES;
			};
			name = Release;
		};
		3BF1B12E289D6AF8004A783A /* Debug */ = {
			isa = XCBuildConfiguration;
			buildSettings = {
				ASSETCATALOG_COMPILER_APPICON_NAME = AppIcon;
				ASSETCATALOG_COMPILER_GLOBAL_ACCENT_COLOR_NAME = AccentColor;
				CODE_SIGN_STYLE = Automatic;
				CURRENT_PROJECT_VERSION = 1;
				DEVELOPMENT_ASSET_PATHS = "\"SwiftUI Experiments/Preview Content\"";
				DEVELOPMENT_TEAM = TNSM43P2F3;
				ENABLE_PREVIEWS = YES;
				GENERATE_INFOPLIST_FILE = YES;
				INFOPLIST_KEY_UIApplicationSceneManifest_Generation = YES;
				INFOPLIST_KEY_UIApplicationSupportsIndirectInputEvents = YES;
				INFOPLIST_KEY_UILaunchScreen_Generation = YES;
				INFOPLIST_KEY_UISupportedInterfaceOrientations_iPad = "UIInterfaceOrientationPortrait UIInterfaceOrientationPortraitUpsideDown UIInterfaceOrientationLandscapeLeft UIInterfaceOrientationLandscapeRight";
				INFOPLIST_KEY_UISupportedInterfaceOrientations_iPhone = "UIInterfaceOrientationPortrait UIInterfaceOrientationLandscapeLeft UIInterfaceOrientationLandscapeRight";
				IPHONEOS_DEPLOYMENT_TARGET = 14.0;
				LD_RUNPATH_SEARCH_PATHS = (
					"$(inherited)",
					"@executable_path/Frameworks",
				);
				MARKETING_VERSION = 1.0;
				PRODUCT_BUNDLE_IDENTIFIER = "com.javiercueto.SwiftUI-Experiments";
				PRODUCT_NAME = "$(TARGET_NAME)";
				SWIFT_EMIT_LOC_STRINGS = YES;
				SWIFT_VERSION = 5.0;
				TARGETED_DEVICE_FAMILY = "1,2";
			};
			name = Debug;
		};
		3BF1B12F289D6AF8004A783A /* Release */ = {
			isa = XCBuildConfiguration;
			buildSettings = {
				ASSETCATALOG_COMPILER_APPICON_NAME = AppIcon;
				ASSETCATALOG_COMPILER_GLOBAL_ACCENT_COLOR_NAME = AccentColor;
				CODE_SIGN_STYLE = Automatic;
				CURRENT_PROJECT_VERSION = 1;
				DEVELOPMENT_ASSET_PATHS = "\"SwiftUI Experiments/Preview Content\"";
				DEVELOPMENT_TEAM = TNSM43P2F3;
				ENABLE_PREVIEWS = YES;
				GENERATE_INFOPLIST_FILE = YES;
				INFOPLIST_KEY_UIApplicationSceneManifest_Generation = YES;
				INFOPLIST_KEY_UIApplicationSupportsIndirectInputEvents = YES;
				INFOPLIST_KEY_UILaunchScreen_Generation = YES;
				INFOPLIST_KEY_UISupportedInterfaceOrientations_iPad = "UIInterfaceOrientationPortrait UIInterfaceOrientationPortraitUpsideDown UIInterfaceOrientationLandscapeLeft UIInterfaceOrientationLandscapeRight";
				INFOPLIST_KEY_UISupportedInterfaceOrientations_iPhone = "UIInterfaceOrientationPortrait UIInterfaceOrientationLandscapeLeft UIInterfaceOrientationLandscapeRight";
				IPHONEOS_DEPLOYMENT_TARGET = 14.0;
				LD_RUNPATH_SEARCH_PATHS = (
					"$(inherited)",
					"@executable_path/Frameworks",
				);
				MARKETING_VERSION = 1.0;
				PRODUCT_BUNDLE_IDENTIFIER = "com.javiercueto.SwiftUI-Experiments";
				PRODUCT_NAME = "$(TARGET_NAME)";
				SWIFT_EMIT_LOC_STRINGS = YES;
				SWIFT_VERSION = 5.0;
				TARGETED_DEVICE_FAMILY = "1,2";
			};
			name = Release;
		};
		3BF1B131289D6AF8004A783A /* Debug */ = {
			isa = XCBuildConfiguration;
			buildSettings = {
				ALWAYS_EMBED_SWIFT_STANDARD_LIBRARIES = YES;
				BUNDLE_LOADER = "$(TEST_HOST)";
				CODE_SIGN_STYLE = Automatic;
				CURRENT_PROJECT_VERSION = 1;
				DEVELOPMENT_TEAM = TNSM43P2F3;
				GENERATE_INFOPLIST_FILE = YES;
				IPHONEOS_DEPLOYMENT_TARGET = 15.4;
				MARKETING_VERSION = 1.0;
				PRODUCT_BUNDLE_IDENTIFIER = "com.javiercueto.SwiftUI-ExperimentsTests";
				PRODUCT_NAME = "$(TARGET_NAME)";
				SWIFT_EMIT_LOC_STRINGS = NO;
				SWIFT_VERSION = 5.0;
				TARGETED_DEVICE_FAMILY = "1,2";
				TEST_HOST = "$(BUILT_PRODUCTS_DIR)/SwiftUI Experiments.app/SwiftUI Experiments";
			};
			name = Debug;
		};
		3BF1B132289D6AF8004A783A /* Release */ = {
			isa = XCBuildConfiguration;
			buildSettings = {
				ALWAYS_EMBED_SWIFT_STANDARD_LIBRARIES = YES;
				BUNDLE_LOADER = "$(TEST_HOST)";
				CODE_SIGN_STYLE = Automatic;
				CURRENT_PROJECT_VERSION = 1;
				DEVELOPMENT_TEAM = TNSM43P2F3;
				GENERATE_INFOPLIST_FILE = YES;
				IPHONEOS_DEPLOYMENT_TARGET = 15.4;
				MARKETING_VERSION = 1.0;
				PRODUCT_BUNDLE_IDENTIFIER = "com.javiercueto.SwiftUI-ExperimentsTests";
				PRODUCT_NAME = "$(TARGET_NAME)";
				SWIFT_EMIT_LOC_STRINGS = NO;
				SWIFT_VERSION = 5.0;
				TARGETED_DEVICE_FAMILY = "1,2";
				TEST_HOST = "$(BUILT_PRODUCTS_DIR)/SwiftUI Experiments.app/SwiftUI Experiments";
			};
			name = Release;
		};
		3BF1B134289D6AF8004A783A /* Debug */ = {
			isa = XCBuildConfiguration;
			buildSettings = {
				ALWAYS_EMBED_SWIFT_STANDARD_LIBRARIES = YES;
				CODE_SIGN_STYLE = Automatic;
				CURRENT_PROJECT_VERSION = 1;
				DEVELOPMENT_TEAM = TNSM43P2F3;
				GENERATE_INFOPLIST_FILE = YES;
				MARKETING_VERSION = 1.0;
				PRODUCT_BUNDLE_IDENTIFIER = "com.javiercueto.SwiftUI-ExperimentsUITests";
				PRODUCT_NAME = "$(TARGET_NAME)";
				SWIFT_EMIT_LOC_STRINGS = NO;
				SWIFT_VERSION = 5.0;
				TARGETED_DEVICE_FAMILY = "1,2";
				TEST_TARGET_NAME = "SwiftUI Experiments";
			};
			name = Debug;
		};
		3BF1B135289D6AF8004A783A /* Release */ = {
			isa = XCBuildConfiguration;
			buildSettings = {
				ALWAYS_EMBED_SWIFT_STANDARD_LIBRARIES = YES;
				CODE_SIGN_STYLE = Automatic;
				CURRENT_PROJECT_VERSION = 1;
				DEVELOPMENT_TEAM = TNSM43P2F3;
				GENERATE_INFOPLIST_FILE = YES;
				MARKETING_VERSION = 1.0;
				PRODUCT_BUNDLE_IDENTIFIER = "com.javiercueto.SwiftUI-ExperimentsUITests";
				PRODUCT_NAME = "$(TARGET_NAME)";
				SWIFT_EMIT_LOC_STRINGS = NO;
				SWIFT_VERSION = 5.0;
				TARGETED_DEVICE_FAMILY = "1,2";
				TEST_TARGET_NAME = "SwiftUI Experiments";
			};
			name = Release;
		};
/* End XCBuildConfiguration section */

/* Begin XCConfigurationList section */
		3BF1B0FF289D6AF6004A783A /* Build configuration list for PBXProject "SwiftUI Experiments" */ = {
			isa = XCConfigurationList;
			buildConfigurations = (
				3BF1B12B289D6AF8004A783A /* Debug */,
				3BF1B12C289D6AF8004A783A /* Release */,
			);
			defaultConfigurationIsVisible = 0;
			defaultConfigurationName = Release;
		};
		3BF1B12D289D6AF8004A783A /* Build configuration list for PBXNativeTarget "SwiftUI Experiments" */ = {
			isa = XCConfigurationList;
			buildConfigurations = (
				3BF1B12E289D6AF8004A783A /* Debug */,
				3BF1B12F289D6AF8004A783A /* Release */,
			);
			defaultConfigurationIsVisible = 0;
			defaultConfigurationName = Release;
		};
		3BF1B130289D6AF8004A783A /* Build configuration list for PBXNativeTarget "SwiftUI ExperimentsTests" */ = {
			isa = XCConfigurationList;
			buildConfigurations = (
				3BF1B131289D6AF8004A783A /* Debug */,
				3BF1B132289D6AF8004A783A /* Release */,
			);
			defaultConfigurationIsVisible = 0;
			defaultConfigurationName = Release;
		};
		3BF1B133289D6AF8004A783A /* Build configuration list for PBXNativeTarget "SwiftUI ExperimentsUITests" */ = {
			isa = XCConfigurationList;
			buildConfigurations = (
				3BF1B134289D6AF8004A783A /* Debug */,
				3BF1B135289D6AF8004A783A /* Release */,
			);
			defaultConfigurationIsVisible = 0;
			defaultConfigurationName = Release;
		};
/* End XCConfigurationList section */

/* Begin XCVersionGroup section */
		3BF1B112289D6AF7004A783A /* SwiftUI_Experiments.xcdatamodeld */ = {
			isa = XCVersionGroup;
			children = (
				3BF1B113289D6AF7004A783A /* SwiftUI_Experiments.xcdatamodel */,
			);
			currentVersion = 3BF1B113289D6AF7004A783A /* SwiftUI_Experiments.xcdatamodel */;
			path = SwiftUI_Experiments.xcdatamodeld;
			sourceTree = "<group>";
			versionGroupType = wrapper.xcdatamodel;
		};
/* End XCVersionGroup section */
	};
	rootObject = 3BF1B0FC289D6AF6004A783A /* Project object */;
}
